
Microsoft Visual Studio Solution File, Format Version 12.00
# Visual Studio 14
VisualStudioVersion = 14.0.25420.1
MinimumVisualStudioVersion = 10.0.40219.1
Project("{FAE04EC0-301F-11D3-BF4B-00C04F79EFBC}") = "MyRepository.Data", "MyRepository.Data\MyRepository.Data.csproj", "{BA19DDCF-BBB5-4296-812A-661573D39B9B}"
EndProject
Project("{FAE04EC0-301F-11D3-BF4B-00C04F79EFBC}") = "MyRepository.Models", "MyRepository.Models\MyRepository.Models.csproj", "{B54600FB-9C75-47B2-B6DD-F7618CEC4DA9}"
EndProject
Project("{FAE04EC0-301F-11D3-BF4B-00C04F79EFBC}") = "MyRepository.DAL", "MyRepository.DAL\MyRepository.DAL.csproj", "{0C26DD67-7CBE-4529-AB6B-13D2705DDAB4}"
EndProject
Project("{FAE04EC0-301F-11D3-BF4B-00C04F79EFBC}") = "MyRepository.Web", "MyRepository.Web\MyRepository.Web.csproj", "{C8684622-63DE-4CED-8BE4-3DF7D65A69F7}"
EndProject
Global
	GlobalSection(SolutionConfigurationPlatforms) = preSolution
		Debug|Any CPU = Debug|Any CPU
		Release|Any CPU = Release|Any CPU
	EndGlobalSection
	GlobalSection(ProjectConfigurationPlatforms) = postSolution
		{BA19DDCF-BBB5-4296-812A-661573D39B9B}.Debug|Any CPU.ActiveCfg = Debug|Any CPU
		{BA19DDCF-BBB5-4296-812A-661573D39B9B}.Debug|Any CPU.Build.0 = Debug|Any CPU
		{BA19DDCF-BBB5-4296-812A-661573D39B9B}.Release|Any CPU.ActiveCfg = Release|Any CPU
		{BA19DDCF-BBB5-4296-812A-661573D39B9B}.Release|Any CPU.Build.0 = Release|Any CPU
		{B54600FB-9C75-47B2-B6DD-F7618CEC4DA9}.Debug|Any CPU.ActiveCfg = Debug|Any CPU
		{B54600FB-9C75-47B2-B6DD-F7618CEC4DA9}.Debug|Any CPU.Build.0 = Debug|Any CPU
		{B54600FB-9C75-47B2-B6DD-F7618CEC4DA9}.Release|Any CPU.ActiveCfg = Release|Any CPU
		{B54600FB-9C75-47B2-B6DD-F7618CEC4DA9}.Release|Any CPU.Build.0 = Release|Any CPU
		{0C26DD67-7CBE-4529-AB6B-13D2705DDAB4}.Debug|Any CPU.ActiveCfg = Debug|Any CPU
		{0C26DD67-7CBE-4529-AB6B-13D2705DDAB4}.Debug|Any CPU.Build.0 = Debug|Any CPU
		{0C26DD67-7CBE-4529-AB6B-13D2705DDAB4}.Release|Any CPU.ActiveCfg = Release|Any CPU
		{0C26DD67-7CBE-4529-AB6B-13D2705DDAB4}.Release|Any CPU.Build.0 = Release|Any CPU
		{C8684622-63DE-4CED-8BE4-3DF7D65A69F7}.Debug|Any CPU.ActiveCfg = Debug|Any CPU
		{C8684622-63DE-4CED-8BE4-3DF7D65A69F7}.Debug|Any CPU.Build.0 = Debug|Any CPU
		{C8684622-63DE-4CED-8BE4-3DF7D65A69F7}.Release|Any CPU.ActiveCfg = Release|Any CPU
		{C8684622-63DE-4CED-8BE4-3DF7D65A69F7}.Release|Any CPU.Build.0 = Release|Any CPU
	EndGlobalSection
	GlobalSection(SolutionProperties) = preSolution
		HideSolutionNode = FALSE
	EndGlobalSection
EndGlobal
